<?xml version="1.0" encoding="utf-8"?>
<Project ToolsVersion="4.0" xmlns="http://schemas.microsoft.com/developer/msbuild/2003">
  <ItemGroup>
    <Filter Include="Source Files">
      <UniqueIdentifier>{4FC737F1-C7A5-4376-A066-2A32D752A2FF}</UniqueIdentifier>
      <Extensions>cpp;c;cc;cxx;def;odl;idl;hpj;bat;asm;asmx</Extensions>
    </Filter>
    <Filter Include="Header Files">
      <UniqueIdentifier>{93995380-89BD-4b04-88EB-625FBE52EBFB}</UniqueIdentifier>
      <Extensions>h;hh;hpp;hxx;hm;inl;inc;ipp;xsd</Extensions>
    </Filter>
    <Filter Include="Resource Files">
      <UniqueIdentifier>{67DA6AB6-F800-4c08-8B7A-83BB121AAD01}</UniqueIdentifier>
      <Extensions>rc;ico;cur;bmp;dlg;rc2;rct;bin;rgs;gif;jpg;jpeg;jpe;resx;tiff;tif;png;wav;mfcribbon-ms</Extensions>
    </Filter>
  </ItemGroup>
  <ItemGroup>
    <ClCompile Include="Src\Main.cpp">
      <Filter>Source Files</Filter>
    </ClCompile>
    <ClCompile Include="Src\Tile.cpp">
      <Filter>Source Files</Filter>
    </ClCompile>
    <ClCompile Include="Src\World.cpp">
      <Filter>Source Files</Filter>
    </ClCompile>
    <ClCompile Include="Src\XML\XmlReader.cpp">
      <Filter>Source Files</Filter>
    </ClCompile>
    <ClCompile Include="Src\GameObjects\Dots.cpp">
      <Filter>Source Files</Filter>
    </ClCompile>
    <ClCompile Include="Src\GameObjects\PowerDots.cpp">
      <Filter>Source Files</Filter>
    </ClCompile>
    <ClCompile Include="Src\GameObjects\PlayerBase\Player.cpp">
      <Filter>Source Files</Filter>
    </ClCompile>
    <ClCompile Include="Src\GameObjects\PlayerBase\PlayerBase.cpp">
      <Filter>Source Files</Filter>
    </ClCompile>
    <ClCompile Include="Src\GameObjects\PlayerBase\Ghosts\ClydeGhost.cpp">
      <Filter>Source Files</Filter>
    </ClCompile>
    <ClCompile Include="Src\GameObjects\PlayerBase\Ghosts\Ghost.cpp">
      <Filter>Source Files</Filter>
    </ClCompile>
    <ClCompile Include="Src\GameObjects\PlayerBase\Ghosts\InkyGhost.cpp">
      <Filter>Source Files</Filter>
    </ClCompile>
    <ClCompile Include="Src\GameObjects\PlayerBase\Ghosts\PinkyGhost.cpp">
      <Filter>Source Files</Filter>
    </ClCompile>
    <ClCompile Include="Src\High Precision Counter\HighPrecisionCounter.cpp">
      <Filter>Source Files</Filter>
    </ClCompile>
    <ClCompile Include="Src\Tinyxml2\tinyxml2.cpp">
      <Filter>Source Files</Filter>
    </ClCompile>
    <ClCompile Include="Src\GameObjects\Fruit.cpp">
      <Filter>Source Files</Filter>
    </ClCompile>
  </ItemGroup>
  <ItemGroup>
    <ClInclude Include="Src\Tile.h">
      <Filter>Header Files</Filter>
    </ClInclude>
    <ClInclude Include="Src\World.h">
      <Filter>Header Files</Filter>
    </ClInclude>
    <ClInclude Include="Src\XML\XmlReader.h">
      <Filter>Header Files</Filter>
    </ClInclude>
    <ClInclude Include="Src\GameObjects\Dots.h">
      <Filter>Header Files</Filter>
    </ClInclude>
    <ClInclude Include="Src\GameObjects\PowerDots.h">
      <Filter>Header Files</Filter>
    </ClInclude>
    <ClInclude Include="Src\GameObjects\PlayerBase\Player.h">
      <Filter>Header Files</Filter>
    </ClInclude>
    <ClInclude Include="Src\GameObjects\PlayerBase\PlayerBase.h">
      <Filter>Header Files</Filter>
    </ClInclude>
    <ClInclude Include="Src\GameObjects\PlayerBase\Ghosts\ClydeGhost.h">
      <Filter>Header Files</Filter>
    </ClInclude>
    <ClInclude Include="Src\GameObjects\PlayerBase\Ghosts\Ghost.h">
      <Filter>Header Files</Filter>
    </ClInclude>
    <ClInclude Include="Src\GameObjects\PlayerBase\Ghosts\InkyGhost.h">
      <Filter>Header Files</Filter>
    </ClInclude>
    <ClInclude Include="Src\GameObjects\PlayerBase\Ghosts\PinkyGhost.h">
      <Filter>Header Files</Filter>
    </ClInclude>
    <ClInclude Include="Src\High Precision Counter\HighPrecisionCounter.h">
      <Filter>Header Files</Filter>
    </ClInclude>
    <ClInclude Include="Src\Tinyxml2\tinyxml2.h">
      <Filter>Header Files</Filter>
    </ClInclude>
    <ClInclude Include="Src\GameObjects\Fruit.h">
      <Filter>Header Files</Filter>
    </ClInclude>
  </ItemGroup>
</Project>